
Microsoft Visual Studio Solution File, Format Version 12.00
# Visual Studio 2012
Project("{FAE04EC0-301F-11D3-BF4B-00C04F79EFBC}") = "APItest", "APItest\APItest.csproj", "{CBD1B5FE-7757-43E9-8FB3-6124083C7CAD}"
EndProject
Global
	GlobalSection(SolutionConfigurationPlatforms) = preSolution
		Debug|x86 = Debug|x86
		Release|x86 = Release|x86
	EndGlobalSection
	GlobalSection(ProjectConfigurationPlatforms) = postSolution
		{CBD1B5FE-7757-43E9-8FB3-6124083C7CAD}.Debug|x86.ActiveCfg = Debug|x86
		{CBD1B5FE-7757-43E9-8FB3-6124083C7CAD}.Debug|x86.Build.0 = Debug|x86
		{CBD1B5FE-7757-43E9-8FB3-6124083C7CAD}.Release|x86.ActiveCfg = Release|x86
		{CBD1B5FE-7757-43E9-8FB3-6124083C7CAD}.Release|x86.Build.0 = Release|x86
	EndGlobalSection
EndGlobal
